{
  "name": "primeng-advanced-growl",
  "version": "0.0.1",
  "lockfileVersion": 1,
  "requires": true,
  "dependencies": {
    "primeng": {
      "version": "6.0.2",
      "resolved": "https://registry.npmjs.org/primeng/-/primeng-6.0.2.tgz",
      "integrity": "sha512-NGR4i8Ure1XssshMCXUGAb1WRL9nL4aRK9UedeK58MwDIpJwQPVgm6ljv963u4XDApdkiMO2JHQ6gjwNZozMMg=="
    }
  }
}
